
Microsoft Visual Studio Solution File, Format Version 12.00
# Visual Studio Version 16
VisualStudioVersion = 16.0.29806.167
MinimumVisualStudioVersion = 10.0.40219.1
Project("{FAE04EC0-301F-11D3-BF4B-00C04F79EFBC}") = "McStatsAPI", "McStatsAPI\McStatsAPI.csproj", "{ECDBF702-E002-45BF-AF43-F94A73C2A028}"
EndProject
Global
	GlobalSection(SolutionConfigurationPlatforms) = preSolution
		Debug|Any CPU = Debug|Any CPU
		Release|Any CPU = Release|Any CPU
	EndGlobalSection
	GlobalSection(ProjectConfigurationPlatforms) = postSolution
		{ECDBF702-E002-45BF-AF43-F94A73C2A028}.Debug|Any CPU.ActiveCfg = Debug|Any CPU
		{ECDBF702-E002-45BF-AF43-F94A73C2A028}.Debug|Any CPU.Build.0 = Debug|Any CPU
		{ECDBF702-E002-45BF-AF43-F94A73C2A028}.Release|Any CPU.ActiveCfg = Release|Any CPU
		{ECDBF702-E002-45BF-AF43-F94A73C2A028}.Release|Any CPU.Build.0 = Release|Any CPU
	EndGlobalSection
	GlobalSection(SolutionProperties) = preSolution
		HideSolutionNode = FALSE
	EndGlobalSection
	GlobalSection(ExtensibilityGlobals) = postSolution
		SolutionGuid = {755513B0-016D-476A-B4EE-DD76F057EA29}
	EndGlobalSection
EndGlobal
